
Microsoft Visual Studio Solution File, Format Version 12.00
# Visual Studio Version 16
VisualStudioVersion = 16.0.29230.47
MinimumVisualStudioVersion = 10.0.40219.1
Project("{FAE04EC0-301F-11D3-BF4B-00C04F79EFBC}") = "BasicProgram", "BasicProgram\BasicProgram.csproj", "{AE83227D-8C7F-4CC2-AA32-80E6C3E5A619}"
EndProject
Global
	GlobalSection(SolutionConfigurationPlatforms) = preSolution
		Debug|Any CPU = Debug|Any CPU
		Release|Any CPU = Release|Any CPU
	EndGlobalSection
	GlobalSection(ProjectConfigurationPlatforms) = postSolution
		{AE83227D-8C7F-4CC2-AA32-80E6C3E5A619}.Debug|Any CPU.ActiveCfg = Debug|Any CPU
		{AE83227D-8C7F-4CC2-AA32-80E6C3E5A619}.Debug|Any CPU.Build.0 = Debug|Any CPU
		{AE83227D-8C7F-4CC2-AA32-80E6C3E5A619}.Release|Any CPU.ActiveCfg = Release|Any CPU
		{AE83227D-8C7F-4CC2-AA32-80E6C3E5A619}.Release|Any CPU.Build.0 = Release|Any CPU
	EndGlobalSection
	GlobalSection(SolutionProperties) = preSolution
		HideSolutionNode = FALSE
	EndGlobalSection
	GlobalSection(ExtensibilityGlobals) = postSolution
		SolutionGuid = {AD23D4DA-BED3-45B1-B45B-A1FEA0493692}
	EndGlobalSection
EndGlobal
